
Microsoft Visual Studio Solution File, Format Version 12.00
# Visual Studio Version 17
VisualStudioVersion = 17.4.33213.308
MinimumVisualStudioVersion = 10.0.40219.1
Project("{FAE04EC0-301F-11D3-BF4B-00C04F79EFBC}") = "HotelListing.API", "HotelListing.API\HotelListing.API.csproj", "{8F17C554-C3E5-48F5-9653-725A7D1D36FB}"
EndProject
Global
	GlobalSection(SolutionConfigurationPlatforms) = preSolution
		Debug|Any CPU = Debug|Any CPU
		Release|Any CPU = Release|Any CPU
	EndGlobalSection
	GlobalSection(ProjectConfigurationPlatforms) = postSolution
		{8F17C554-C3E5-48F5-9653-725A7D1D36FB}.Debug|Any CPU.ActiveCfg = Debug|Any CPU
		{8F17C554-C3E5-48F5-9653-725A7D1D36FB}.Debug|Any CPU.Build.0 = Debug|Any CPU
		{8F17C554-C3E5-48F5-9653-725A7D1D36FB}.Release|Any CPU.ActiveCfg = Release|Any CPU
		{8F17C554-C3E5-48F5-9653-725A7D1D36FB}.Release|Any CPU.Build.0 = Release|Any CPU
	EndGlobalSection
	GlobalSection(SolutionProperties) = preSolution
		HideSolutionNode = FALSE
	EndGlobalSection
	GlobalSection(ExtensibilityGlobals) = postSolution
		SolutionGuid = {00B0A791-4519-474F-B8BB-106A6DDBDB16}
	EndGlobalSection
EndGlobal
